{
  "version": "4",
  "specifiers": {
    "jsr:@std/cli@^1.0.10": "1.0.10",
    "npm:@types/uuid@10": "10.0.0",
    "npm:typescript@^5.2.2": "5.6.3"
  },
  "jsr": {
    "@std/cli@1.0.10": {
      "integrity": "d047f6f4954a5c2827fe0963765ddd3d8b6cc7b7518682842645b95f571539dc"
    }
  },
  "npm": {
    "@types/uuid@10.0.0": {
      "integrity": "sha512-7gqG38EyHgyP1S+7+xomFtL+ZNHcKv6DwNaCZmJmo1vgMugyF3TCnXVg4t1uk89mLNwnLtnY3TpOpCOyp1/xHQ=="
    },
    "typescript@5.6.3": {
      "integrity": "sha512-hjcS1mhfuyi4WW8IWtjP7brDrG2cuDZukyrYrSauoXGNgx0S7zceP07adYkJycEr56BOUTNPzbInooiN3fn1qw=="
    }
  },
  "redirects": {
    "https://deno.land/std/flags/mod.ts": "https://deno.land/std@0.224.0/flags/mod.ts"
  },
  "remote": {
    "https://deno.land/std@0.224.0/assert/assert_exists.ts": "43420cf7f956748ae6ed1230646567b3593cb7a36c5a5327269279c870c5ddfd",
    "https://deno.land/std@0.224.0/assert/assertion_error.ts": "ba8752bd27ebc51f723702fac2f54d3e94447598f54264a6653d6413738a8917",
    "https://deno.land/std@0.224.0/flags/mod.ts": "88553267f34519c8982212185339efdb2d2e62c159ec558f47eb50c8952a6be3"
  },
  "workspace": {
    "dependencies": [
      "jsr:@std/cli@^1.0.10"
    ],
    "packageJson": {
      "dependencies": [
        "npm:@types/uuid@10",
        "npm:typescript@^5.2.2"
      ]
    }
  }
}
